# Code generated by scarb DO NOT EDIT.
version = 1

[[package]]
name = "dojo"
version = "0.3.14"
source = "git+https://github.com/dojoengine/dojo#4a9305f4045a4da607f5d744fc228e3c07df1f08"
dependencies = [
 "dojo_plugin",
]

[[package]]
name = "dojo_plugin"
version = "0.3.11"
source = "git+https://github.com/dojoengine/dojo?tag=v0.3.11#1e651b5d4d3b79b14a7d8aa29a92062fcb9e6659"

[[package]]
name = "project"
version = "0.3.14"
dependencies = [
 "dojo",
]
